
Microsoft Visual Studio Solution File, Format Version 12.00
# Visual Studio Version 17
VisualStudioVersion = 17.2.32602.215
MinimumVisualStudioVersion = 10.0.40219.1
Project("{9A19103F-16F7-4668-BE54-9A1E7A4F7556}") = "Grade-Project-", "Grade-Project-.csproj", "{EBF9FE05-B71B-4088-AC1A-D16AB6ECF94F}"
EndProject
Global
	GlobalSection(SolutionConfigurationPlatforms) = preSolution
		Debug|Any CPU = Debug|Any CPU
		Release|Any CPU = Release|Any CPU
	EndGlobalSection
	GlobalSection(ProjectConfigurationPlatforms) = postSolution
		{EBF9FE05-B71B-4088-AC1A-D16AB6ECF94F}.Debug|Any CPU.ActiveCfg = Debug|Any CPU
		{EBF9FE05-B71B-4088-AC1A-D16AB6ECF94F}.Debug|Any CPU.Build.0 = Debug|Any CPU
		{EBF9FE05-B71B-4088-AC1A-D16AB6ECF94F}.Release|Any CPU.ActiveCfg = Release|Any CPU
		{EBF9FE05-B71B-4088-AC1A-D16AB6ECF94F}.Release|Any CPU.Build.0 = Release|Any CPU
	EndGlobalSection
	GlobalSection(SolutionProperties) = preSolution
		HideSolutionNode = FALSE
	EndGlobalSection
	GlobalSection(ExtensibilityGlobals) = postSolution
		SolutionGuid = {52ADAB15-4BC2-47BD-A276-B3FBDF76677B}
	EndGlobalSection
EndGlobal
